
Microsoft Visual Studio Solution File, Format Version 12.00
# Visual Studio Version 17
VisualStudioVersion = 17.0.32014.148
MinimumVisualStudioVersion = 10.0.40219.1
Project("{FAE04EC0-301F-11D3-BF4B-00C04F79EFBC}") = "5. Print Even Numbers", "5. Print Even Numbers\5. Print Even Numbers.csproj", "{30E81FC1-0AEA-499D-9B24-4C36EBB94CDC}"
EndProject
Global
	GlobalSection(SolutionConfigurationPlatforms) = preSolution
		Debug|Any CPU = Debug|Any CPU
		Release|Any CPU = Release|Any CPU
	EndGlobalSection
	GlobalSection(ProjectConfigurationPlatforms) = postSolution
		{30E81FC1-0AEA-499D-9B24-4C36EBB94CDC}.Debug|Any CPU.ActiveCfg = Debug|Any CPU
		{30E81FC1-0AEA-499D-9B24-4C36EBB94CDC}.Debug|Any CPU.Build.0 = Debug|Any CPU
		{30E81FC1-0AEA-499D-9B24-4C36EBB94CDC}.Release|Any CPU.ActiveCfg = Release|Any CPU
		{30E81FC1-0AEA-499D-9B24-4C36EBB94CDC}.Release|Any CPU.Build.0 = Release|Any CPU
	EndGlobalSection
	GlobalSection(SolutionProperties) = preSolution
		HideSolutionNode = FALSE
	EndGlobalSection
	GlobalSection(ExtensibilityGlobals) = postSolution
		SolutionGuid = {2AD9B9F5-BC13-4734-8703-D3250B03D5C0}
	EndGlobalSection
EndGlobal
