
Microsoft Visual Studio Solution File, Format Version 12.00
# Visual Studio Version 17
VisualStudioVersion = 17.0.32014.148
MinimumVisualStudioVersion = 10.0.40219.1
Project("{FAE04EC0-301F-11D3-BF4B-00C04F79EFBC}") = "8. Traffic Jam", "8. Traffic Jam\8. Traffic Jam.csproj", "{D9357F7B-0377-4BFD-9311-BB9FCF78520A}"
EndProject
Global
	GlobalSection(SolutionConfigurationPlatforms) = preSolution
		Debug|Any CPU = Debug|Any CPU
		Release|Any CPU = Release|Any CPU
	EndGlobalSection
	GlobalSection(ProjectConfigurationPlatforms) = postSolution
		{D9357F7B-0377-4BFD-9311-BB9FCF78520A}.Debug|Any CPU.ActiveCfg = Debug|Any CPU
		{D9357F7B-0377-4BFD-9311-BB9FCF78520A}.Debug|Any CPU.Build.0 = Debug|Any CPU
		{D9357F7B-0377-4BFD-9311-BB9FCF78520A}.Release|Any CPU.ActiveCfg = Release|Any CPU
		{D9357F7B-0377-4BFD-9311-BB9FCF78520A}.Release|Any CPU.Build.0 = Release|Any CPU
	EndGlobalSection
	GlobalSection(SolutionProperties) = preSolution
		HideSolutionNode = FALSE
	EndGlobalSection
	GlobalSection(ExtensibilityGlobals) = postSolution
		SolutionGuid = {B59810A9-3E11-41CE-BF22-6924B544BD4D}
	EndGlobalSection
EndGlobal
