
Microsoft Visual Studio Solution File, Format Version 12.00
# Visual Studio Version 17
VisualStudioVersion = 17.0.32014.148
MinimumVisualStudioVersion = 10.0.40219.1
Project("{FAE04EC0-301F-11D3-BF4B-00C04F79EFBC}") = "3. Maximal Sum", "3. Maximal Sum\3. Maximal Sum.csproj", "{D072DE40-5EE0-463A-B27E-451B86C61851}"
EndProject
Global
	GlobalSection(SolutionConfigurationPlatforms) = preSolution
		Debug|Any CPU = Debug|Any CPU
		Release|Any CPU = Release|Any CPU
	EndGlobalSection
	GlobalSection(ProjectConfigurationPlatforms) = postSolution
		{D072DE40-5EE0-463A-B27E-451B86C61851}.Debug|Any CPU.ActiveCfg = Debug|Any CPU
		{D072DE40-5EE0-463A-B27E-451B86C61851}.Debug|Any CPU.Build.0 = Debug|Any CPU
		{D072DE40-5EE0-463A-B27E-451B86C61851}.Release|Any CPU.ActiveCfg = Release|Any CPU
		{D072DE40-5EE0-463A-B27E-451B86C61851}.Release|Any CPU.Build.0 = Release|Any CPU
	EndGlobalSection
	GlobalSection(SolutionProperties) = preSolution
		HideSolutionNode = FALSE
	EndGlobalSection
	GlobalSection(ExtensibilityGlobals) = postSolution
		SolutionGuid = {EF9EFB92-FE94-47D5-A9A0-EE292A6001CF}
	EndGlobalSection
EndGlobal
