
Microsoft Visual Studio Solution File, Format Version 12.00
# Visual Studio Version 17
VisualStudioVersion = 17.0.32014.148
MinimumVisualStudioVersion = 10.0.40219.1
Project("{FAE04EC0-301F-11D3-BF4B-00C04F79EFBC}") = "06. Songs Queue", "06. Songs Queue\06. Songs Queue.csproj", "{5AEC6967-903C-4494-9B5B-F111D6B6C50B}"
EndProject
Global
	GlobalSection(SolutionConfigurationPlatforms) = preSolution
		Debug|Any CPU = Debug|Any CPU
		Release|Any CPU = Release|Any CPU
	EndGlobalSection
	GlobalSection(ProjectConfigurationPlatforms) = postSolution
		{5AEC6967-903C-4494-9B5B-F111D6B6C50B}.Debug|Any CPU.ActiveCfg = Debug|Any CPU
		{5AEC6967-903C-4494-9B5B-F111D6B6C50B}.Debug|Any CPU.Build.0 = Debug|Any CPU
		{5AEC6967-903C-4494-9B5B-F111D6B6C50B}.Release|Any CPU.ActiveCfg = Release|Any CPU
		{5AEC6967-903C-4494-9B5B-F111D6B6C50B}.Release|Any CPU.Build.0 = Release|Any CPU
	EndGlobalSection
	GlobalSection(SolutionProperties) = preSolution
		HideSolutionNode = FALSE
	EndGlobalSection
	GlobalSection(ExtensibilityGlobals) = postSolution
		SolutionGuid = {A8CCC44B-1B31-4129-803A-414A3B092B44}
	EndGlobalSection
EndGlobal
