
Microsoft Visual Studio Solution File, Format Version 12.00
# Visual Studio Version 17
VisualStudioVersion = 17.0.32014.148
MinimumVisualStudioVersion = 10.0.40219.1
Project("{FAE04EC0-301F-11D3-BF4B-00C04F79EFBC}") = "5. Square With Maximum Sum", "5. Square With Maximum Sum\5. Square With Maximum Sum.csproj", "{448102C0-345E-43B8-AA77-D5A88183FDA6}"
EndProject
Global
	GlobalSection(SolutionConfigurationPlatforms) = preSolution
		Debug|Any CPU = Debug|Any CPU
		Release|Any CPU = Release|Any CPU
	EndGlobalSection
	GlobalSection(ProjectConfigurationPlatforms) = postSolution
		{448102C0-345E-43B8-AA77-D5A88183FDA6}.Debug|Any CPU.ActiveCfg = Debug|Any CPU
		{448102C0-345E-43B8-AA77-D5A88183FDA6}.Debug|Any CPU.Build.0 = Debug|Any CPU
		{448102C0-345E-43B8-AA77-D5A88183FDA6}.Release|Any CPU.ActiveCfg = Release|Any CPU
		{448102C0-345E-43B8-AA77-D5A88183FDA6}.Release|Any CPU.Build.0 = Release|Any CPU
	EndGlobalSection
	GlobalSection(SolutionProperties) = preSolution
		HideSolutionNode = FALSE
	EndGlobalSection
	GlobalSection(ExtensibilityGlobals) = postSolution
		SolutionGuid = {566E23AA-CE3B-4405-ADAA-A729656E3384}
	EndGlobalSection
EndGlobal
