
Microsoft Visual Studio Solution File, Format Version 12.00
# Visual Studio Version 17
VisualStudioVersion = 17.0.32014.148
MinimumVisualStudioVersion = 10.0.40219.1
Project("{FAE04EC0-301F-11D3-BF4B-00C04F79EFBC}") = "01. Basic Stack Operations", "01. Basic Stack Operations\01. Basic Stack Operations.csproj", "{7562D9D9-1DAE-4FB1-ABA3-F6DE065F524C}"
EndProject
Global
	GlobalSection(SolutionConfigurationPlatforms) = preSolution
		Debug|Any CPU = Debug|Any CPU
		Release|Any CPU = Release|Any CPU
	EndGlobalSection
	GlobalSection(ProjectConfigurationPlatforms) = postSolution
		{7562D9D9-1DAE-4FB1-ABA3-F6DE065F524C}.Debug|Any CPU.ActiveCfg = Debug|Any CPU
		{7562D9D9-1DAE-4FB1-ABA3-F6DE065F524C}.Debug|Any CPU.Build.0 = Debug|Any CPU
		{7562D9D9-1DAE-4FB1-ABA3-F6DE065F524C}.Release|Any CPU.ActiveCfg = Release|Any CPU
		{7562D9D9-1DAE-4FB1-ABA3-F6DE065F524C}.Release|Any CPU.Build.0 = Release|Any CPU
	EndGlobalSection
	GlobalSection(SolutionProperties) = preSolution
		HideSolutionNode = FALSE
	EndGlobalSection
	GlobalSection(ExtensibilityGlobals) = postSolution
		SolutionGuid = {DC9BAD5B-07DE-47D4-930F-84C46BB42396}
	EndGlobalSection
EndGlobal
