
Microsoft Visual Studio Solution File, Format Version 12.00
# Visual Studio Version 17
VisualStudioVersion = 17.0.32014.148
MinimumVisualStudioVersion = 10.0.40219.1
Project("{FAE04EC0-301F-11D3-BF4B-00C04F79EFBC}") = "04. Even Times", "04. Even Times\04. Even Times.csproj", "{473C2349-32BD-4A90-963D-FD3FFFAD15AB}"
EndProject
Global
	GlobalSection(SolutionConfigurationPlatforms) = preSolution
		Debug|Any CPU = Debug|Any CPU
		Release|Any CPU = Release|Any CPU
	EndGlobalSection
	GlobalSection(ProjectConfigurationPlatforms) = postSolution
		{473C2349-32BD-4A90-963D-FD3FFFAD15AB}.Debug|Any CPU.ActiveCfg = Debug|Any CPU
		{473C2349-32BD-4A90-963D-FD3FFFAD15AB}.Debug|Any CPU.Build.0 = Debug|Any CPU
		{473C2349-32BD-4A90-963D-FD3FFFAD15AB}.Release|Any CPU.ActiveCfg = Release|Any CPU
		{473C2349-32BD-4A90-963D-FD3FFFAD15AB}.Release|Any CPU.Build.0 = Release|Any CPU
	EndGlobalSection
	GlobalSection(SolutionProperties) = preSolution
		HideSolutionNode = FALSE
	EndGlobalSection
	GlobalSection(ExtensibilityGlobals) = postSolution
		SolutionGuid = {976F660D-D0D6-49C5-9258-0E84F742159A}
	EndGlobalSection
EndGlobal
