
Microsoft Visual Studio Solution File, Format Version 12.00
# Visual Studio Version 17
VisualStudioVersion = 17.0.32014.148
MinimumVisualStudioVersion = 10.0.40219.1
Project("{FAE04EC0-301F-11D3-BF4B-00C04F79EFBC}") = "01. Count Same Values in Array", "01. Count Same Values in Array\01. Count Same Values in Array.csproj", "{84E444B3-B0B1-418F-9167-6613BE2F4BC0}"
EndProject
Global
	GlobalSection(SolutionConfigurationPlatforms) = preSolution
		Debug|Any CPU = Debug|Any CPU
		Release|Any CPU = Release|Any CPU
	EndGlobalSection
	GlobalSection(ProjectConfigurationPlatforms) = postSolution
		{84E444B3-B0B1-418F-9167-6613BE2F4BC0}.Debug|Any CPU.ActiveCfg = Debug|Any CPU
		{84E444B3-B0B1-418F-9167-6613BE2F4BC0}.Debug|Any CPU.Build.0 = Debug|Any CPU
		{84E444B3-B0B1-418F-9167-6613BE2F4BC0}.Release|Any CPU.ActiveCfg = Release|Any CPU
		{84E444B3-B0B1-418F-9167-6613BE2F4BC0}.Release|Any CPU.Build.0 = Release|Any CPU
	EndGlobalSection
	GlobalSection(SolutionProperties) = preSolution
		HideSolutionNode = FALSE
	EndGlobalSection
	GlobalSection(ExtensibilityGlobals) = postSolution
		SolutionGuid = {C5A9BE97-1B0C-4FEF-8F8B-E0A1077F27ED}
	EndGlobalSection
EndGlobal
