
Microsoft Visual Studio Solution File, Format Version 12.00
# Visual Studio Version 17
VisualStudioVersion = 17.0.32014.148
MinimumVisualStudioVersion = 10.0.40219.1
Project("{FAE04EC0-301F-11D3-BF4B-00C04F79EFBC}") = "1. Reverse a String", "1. Reverse a String\1. Reverse a String.csproj", "{06F2E1F7-DC8A-4CA1-A2C2-965623351F8A}"
EndProject
Global
	GlobalSection(SolutionConfigurationPlatforms) = preSolution
		Debug|Any CPU = Debug|Any CPU
		Release|Any CPU = Release|Any CPU
	EndGlobalSection
	GlobalSection(ProjectConfigurationPlatforms) = postSolution
		{06F2E1F7-DC8A-4CA1-A2C2-965623351F8A}.Debug|Any CPU.ActiveCfg = Debug|Any CPU
		{06F2E1F7-DC8A-4CA1-A2C2-965623351F8A}.Debug|Any CPU.Build.0 = Debug|Any CPU
		{06F2E1F7-DC8A-4CA1-A2C2-965623351F8A}.Release|Any CPU.ActiveCfg = Release|Any CPU
		{06F2E1F7-DC8A-4CA1-A2C2-965623351F8A}.Release|Any CPU.Build.0 = Release|Any CPU
	EndGlobalSection
	GlobalSection(SolutionProperties) = preSolution
		HideSolutionNode = FALSE
	EndGlobalSection
	GlobalSection(ExtensibilityGlobals) = postSolution
		SolutionGuid = {FF05BE71-5C1F-4C8E-8863-EB5730EA3E1B}
	EndGlobalSection
EndGlobal
