
Microsoft Visual Studio Solution File, Format Version 12.00
# Visual Studio Version 17
VisualStudioVersion = 17.0.32014.148
MinimumVisualStudioVersion = 10.0.40219.1
Project("{FAE04EC0-301F-11D3-BF4B-00C04F79EFBC}") = "2. Squares in Matrix", "2. Squares in Matrix\2. Squares in Matrix.csproj", "{7F8E514A-CBE4-4E76-B71C-CCB0B626F53D}"
EndProject
Global
	GlobalSection(SolutionConfigurationPlatforms) = preSolution
		Debug|Any CPU = Debug|Any CPU
		Release|Any CPU = Release|Any CPU
	EndGlobalSection
	GlobalSection(ProjectConfigurationPlatforms) = postSolution
		{7F8E514A-CBE4-4E76-B71C-CCB0B626F53D}.Debug|Any CPU.ActiveCfg = Debug|Any CPU
		{7F8E514A-CBE4-4E76-B71C-CCB0B626F53D}.Debug|Any CPU.Build.0 = Debug|Any CPU
		{7F8E514A-CBE4-4E76-B71C-CCB0B626F53D}.Release|Any CPU.ActiveCfg = Release|Any CPU
		{7F8E514A-CBE4-4E76-B71C-CCB0B626F53D}.Release|Any CPU.Build.0 = Release|Any CPU
	EndGlobalSection
	GlobalSection(SolutionProperties) = preSolution
		HideSolutionNode = FALSE
	EndGlobalSection
	GlobalSection(ExtensibilityGlobals) = postSolution
		SolutionGuid = {C3167C87-47A8-4A4E-AF74-1622168D77AA}
	EndGlobalSection
EndGlobal
