
Microsoft Visual Studio Solution File, Format Version 12.00
# Visual Studio Version 17
VisualStudioVersion = 17.0.32014.148
MinimumVisualStudioVersion = 10.0.40219.1
Project("{FAE04EC0-301F-11D3-BF4B-00C04F79EFBC}") = "05. Fashion Boutique", "05. Fashion Boutique\05. Fashion Boutique.csproj", "{75ADA80F-D5C7-42A8-A8F4-09C1CE7C7927}"
EndProject
Global
	GlobalSection(SolutionConfigurationPlatforms) = preSolution
		Debug|Any CPU = Debug|Any CPU
		Release|Any CPU = Release|Any CPU
	EndGlobalSection
	GlobalSection(ProjectConfigurationPlatforms) = postSolution
		{75ADA80F-D5C7-42A8-A8F4-09C1CE7C7927}.Debug|Any CPU.ActiveCfg = Debug|Any CPU
		{75ADA80F-D5C7-42A8-A8F4-09C1CE7C7927}.Debug|Any CPU.Build.0 = Debug|Any CPU
		{75ADA80F-D5C7-42A8-A8F4-09C1CE7C7927}.Release|Any CPU.ActiveCfg = Release|Any CPU
		{75ADA80F-D5C7-42A8-A8F4-09C1CE7C7927}.Release|Any CPU.Build.0 = Release|Any CPU
	EndGlobalSection
	GlobalSection(SolutionProperties) = preSolution
		HideSolutionNode = FALSE
	EndGlobalSection
	GlobalSection(ExtensibilityGlobals) = postSolution
		SolutionGuid = {A05E0E08-0A01-4935-9F95-AC9E0755DF58}
	EndGlobalSection
EndGlobal
